Microsoft Visual Studio Solution File, Format Version 12.00
# Visual Studio Version 17
VisualStudioVersion = 17.14.35821.62
MinimumVisualStudioVersion = 10.0.40219.1
Project("{FAE04EC0-301F-11D3-BF4B-00C04F79EFBC}") = "MyWindowsService", "MyWindowsService.csproj", "{DD6B9C18-EB1D-4D2B-A103-C6A8BEE1B3F0}"
EndProject
Global
	GlobalSection(SolutionConfigurationPlatforms) = preSolution
		Debug|Any CPU = Debug|Any CPU
		Release|Any CPU = Release|Any CPU
	EndGlobalSection
	GlobalSection(ProjectConfigurationPlatforms) = postSolution
		{DD6B9C18-EB1D-4D2B-A103-C6A8BEE1B3F0}.Debug|Any CPU.ActiveCfg = Debug|Any CPU
		{DD6B9C18-EB1D-4D2B-A103-C6A8BEE1B3F0}.Debug|Any CPU.Build.0 = Debug|Any CPU
		{DD6B9C18-EB1D-4D2B-A103-C6A8BEE1B3F0}.Release|Any CPU.ActiveCfg = Release|Any CPU
		{DD6B9C18-EB1D-4D2B-A103-C6A8BEE1B3F0}.Release|Any CPU.Build.0 = Release|Any CPU
	EndGlobalSection
	GlobalSection(SolutionProperties) = preSolution
		HideSolutionNode = FALSE
	EndGlobalSection
	GlobalSection(ExtensibilityGlobals) = postSolution
		SolutionGuid = {A67E93FC-C09D-42BD-B011-3B83D8FF8B03}
	EndGlobalSection
EndGlobal
