Microsoft Visual Studio Solution File, Format Version 12.00
# Visual Studio Version 17
VisualStudioVersion = 17.14.35821.62
MinimumVisualStudioVersion = 10.0.40219.1
Project("{FAE04EC0-301F-11D3-BF4B-00C04F79EFBC}") = "DisposableServices", "DisposableServices.csproj", "{FD5FFB23-D4FA-49B0-99AB-CF6FC3CF6775}"
EndProject
Global
	GlobalSection(SolutionConfigurationPlatforms) = preSolution
		Debug|Any CPU = Debug|Any CPU
		Release|Any CPU = Release|Any CPU
	EndGlobalSection
	GlobalSection(ProjectConfigurationPlatforms) = postSolution
		{FD5FFB23-D4FA-49B0-99AB-CF6FC3CF6775}.Debug|Any CPU.ActiveCfg = Debug|Any CPU
		{FD5FFB23-D4FA-49B0-99AB-CF6FC3CF6775}.Debug|Any CPU.Build.0 = Debug|Any CPU
		{FD5FFB23-D4FA-49B0-99AB-CF6FC3CF6775}.Release|Any CPU.ActiveCfg = Release|Any CPU
		{FD5FFB23-D4FA-49B0-99AB-CF6FC3CF6775}.Release|Any CPU.Build.0 = Release|Any CPU
	EndGlobalSection
	GlobalSection(SolutionProperties) = preSolution
		HideSolutionNode = FALSE
	EndGlobalSection
	GlobalSection(ExtensibilityGlobals) = postSolution
		SolutionGuid = {FD8B8DFB-5A37-4739-9F8A-47C5EFC35A08}
	EndGlobalSection
EndGlobal
